// !$*UTF8*$!
{
	archiveVersion = 1;
	classes = {
	};
	objectVersion = 50;
	objects = {

/* Begin PBXBuildFile section */
		037AD38D230E4B64003AB0CA /* AppDelegate.swift in Sources */ = {isa = PBXBuildFile; fileRef = 037AD38C230E4B64003AB0CA /* AppDelegate.swift */; };
		037AD38F230E4B64003AB0CA /* ViewController.swift in Sources */ = {isa = PBXBuildFile; fileRef = 037AD38E230E4B64003AB0CA /* ViewController.swift */; };
		037AD392230E4B64003AB0CA /* Main.storyboard in Resources */ = {isa = PBXBuildFile; fileRef = 037AD390230E4B64003AB0CA /* Main.storyboard */; };
		037AD394230E4B66003AB0CA /* Assets.xcassets in Resources */ = {isa = PBXBuildFile; fileRef = 037AD393230E4B66003AB0CA /* Assets.xcassets */; };
		037AD397230E4B66003AB0CA /* LaunchScreen.storyboard in Resources */ = {isa = PBXBuildFile; fileRef = 037AD395230E4B66003AB0CA /* LaunchScreen.storyboard */; };
		03A96423230E50A2008AB4F7 /* DogAPIUrl.swift in Sources */ = {isa = PBXBuildFile; fileRef = 03A96422230E50A2008AB4F7 /* DogAPIUrl.swift */; };
		03A96425230E5A26008AB4F7 /* ImageData.swift in Sources */ = {isa = PBXBuildFile; fileRef = 03A96424230E5A26008AB4F7 /* ImageData.swift */; };
/* End PBXBuildFile section */

/* Begin PBXFileReference section */
		037AD389230E4B64003AB0CA /* DOG API.app */ = {isa = PBXFileReference; explicitFileType = wrapper.application; includeInIndex = 0; path = "DOG API.app"; sourceTree = BUILT_PRODUCTS_DIR; };
		037AD38C230E4B64003AB0CA /* AppDelegate.swift */ = {isa = PBXFileReference; lastKnownFileType = sourcecode.swift; path = AppDelegate.swift; sourceTree = "<group>"; };
		037AD38E230E4B64003AB0CA /* ViewController.swift */ = {isa = PBXFileReference; lastKnownFileType = sourcecode.swift; path = ViewController.swift; sourceTree = "<group>"; };
		037AD391230E4B64003AB0CA /* Base */ = {isa = PBXFileReference; lastKnownFileType = file.storyboard; name = Base; path = Base.lproj/Main.storyboard; sourceTree = "<group>"; };
		037AD393230E4B66003AB0CA /* Assets.xcassets */ = {isa = PBXFileReference; lastKnownFileType = folder.assetcatalog; path = Assets.xcassets; sourceTree = "<group>"; };
		037AD396230E4B66003AB0CA /* Base */ = {isa = PBXFileReference; lastKnownFileType = file.storyboard; name = Base; path = Base.lproj/LaunchScreen.storyboard; sourceTree = "<group>"; };
		037AD398230E4B66003AB0CA /* Info.plist */ = {isa = PBXFileReference; lastKnownFileType = text.plist.xml; path = Info.plist; sourceTree = "<group>"; };
		03A96422230E50A2008AB4F7 /* DogAPIUrl.swift */ = {isa = PBXFileReference; lastKnownFileType = sourcecode.swift; path = DogAPIUrl.swift; sourceTree = "<group>"; };
		03A96424230E5A26008AB4F7 /* ImageData.swift */ = {isa = PBXFileReference; lastKnownFileType = sourcecode.swift; path = ImageData.swift; sourceTree = "<group>"; };
/* End PBXFileReference section */

/* Begin PBXFrameworksBuildPhase section */
		037AD386230E4B64003AB0CA /* Frameworks */ = {
			isa = PBXFrameworksBuildPhase;
			buildActionMask = 2147483647;
			files = (
			);
			runOnlyForDeploymentPostprocessing = 0;
		};
/* End PBXFrameworksBuildPhase section */

/* Begin PBXGroup section */
		037AD380230E4B64003AB0CA = {
			isa = PBXGroup;
			children = (
				037AD38B230E4B64003AB0CA /* DOG API */,
				037AD38A230E4B64003AB0CA /* Products */,
			);
			sourceTree = "<group>";
		};
		037AD38A230E4B64003AB0CA /* Products */ = {
			isa = PBXGroup;
			children = (
				037AD389230E4B64003AB0CA /* DOG API.app */,
			);
			name = Products;
			sourceTree = "<group>";
		};
		037AD38B230E4B64003AB0CA /* DOG API */ = {
			isa = PBXGroup;
			children = (
				03A96421230E5088008AB4F7 /* Models */,
				03A9641E230E5069008AB4F7 /* Controllers */,
				03A9641F230E5078008AB4F7 /* Views */,
				037AD393230E4B66003AB0CA /* Assets.xcassets */,
				037AD398230E4B66003AB0CA /* Info.plist */,
			);
			path = "DOG API";
			sourceTree = "<group>";
		};
		03A9641E230E5069008AB4F7 /* Controllers */ = {
			isa = PBXGroup;
			children = (
				037AD38C230E4B64003AB0CA /* AppDelegate.swift */,
				037AD38E230E4B64003AB0CA /* ViewController.swift */,
			);
			path = Controllers;
			sourceTree = "<group>";
		};
		03A9641F230E5078008AB4F7 /* Views */ = {
			isa = PBXGroup;
			children = (
				037AD390230E4B64003AB0CA /* Main.storyboard */,
				037AD395230E4B66003AB0CA /* LaunchScreen.storyboard */,
			);
			path = Views;
			sourceTree = "<group>";
		};
		03A96421230E5088008AB4F7 /* Models */ = {
			isa = PBXGroup;
			children = (
				03A96422230E50A2008AB4F7 /* DogAPIUrl.swift */,
				03A96424230E5A26008AB4F7 /* ImageData.swift */,
			);
			path = Models;
			sourceTree = "<group>";
		};
/* End PBXGroup section */

/* Begin PBXNativeTarget section */
		037AD388230E4B64003AB0CA /* DOG API */ = {
			isa = PBXNativeTarget;
			buildConfigurationList = 037AD39B230E4B66003AB0CA /* Build configuration list for PBXNativeTarget "DOG API" */;
			buildPhases = (
				037AD385230E4B64003AB0CA /* Sources */,
				037AD386230E4B64003AB0CA /* Frameworks */,
				037AD387230E4B64003AB0CA /* Resources */,
			);
			buildRules = (
			);
			dependencies = (
			);
			name = "DOG API";
			productName = "DOG API";
			productReference = 037AD389230E4B64003AB0CA /* DOG API.app */;
			productType = "com.apple.product-type.application";
		};
/* End PBXNativeTarget section */

/* Begin PBXProject section */
		037AD381230E4B64003AB0CA /* Project object */ = {
			isa = PBXProject;
			attributes = {
				LastSwiftUpdateCheck = 1030;
				LastUpgradeCheck = 1030;
				ORGANIZATIONNAME = "Moazzam Tahir";
				TargetAttributes = {
					037AD388230E4B64003AB0CA = {
						CreatedOnToolsVersion = 10.3;
					};
				};
			};
			buildConfigurationList = 037AD384230E4B64003AB0CA /* Build configuration list for PBXProject "DOG API" */;
			compatibilityVersion = "Xcode 9.3";
			developmentRegion = en;
			hasScannedForEncodings = 0;
			knownRegions = (
				en,
				Base,
			);
			mainGroup = 037AD380230E4B64003AB0CA;
			productRefGroup = 037AD38A230E4B64003AB0CA /* Products */;
			projectDirPath = "";
			projectRoot = "";
			targets = (
				037AD388230E4B64003AB0CA /* DOG API */,
			);
		};
/* End PBXProject section */

/* Begin PBXResourcesBuildPhase section */
		037AD387230E4B64003AB0CA /* Resources */ = {
			isa = PBXResourcesBuildPhase;
			buildActionMask = 2147483647;
			files = (
				037AD397230E4B66003AB0CA /* LaunchScreen.storyboard in Resources */,
				037AD394230E4B66003AB0CA /* Assets.xcassets in Resources */,
				037AD392230E4B64003AB0CA /* Main.storyboard in Resources */,
			);
			runOnlyForDeploymentPostprocessing = 0;
		};
/* End PBXResourcesBuildPhase section */

/* Begin PBXSourcesBuildPhase section */
		037AD385230E4B64003AB0CA /* Sources */ = {
			isa = PBXSourcesBuildPhase;
			buildActionMask = 2147483647;
			files = (
				03A96423230E50A2008AB4F7 /* DogAPIUrl.swift in Sources */,
				037AD38F230E4B64003AB0CA /* ViewController.swift in Sources */,
				037AD38D230E4B64003AB0CA /* AppDelegate.swift in Sources */,
				03A96425230E5A26008AB4F7 /* ImageData.swift in Sources */,
			);
			runOnlyForDeploymentPostprocessing = 0;
		};
/* End PBXSourcesBuildPhase section */

/* Begin PBXVariantGroup section */
		037AD390230E4B64003AB0CA /* Main.storyboard */ = {
			isa = PBXVariantGroup;
			children = (
				037AD391230E4B64003AB0CA /* Base */,
			);
			name = Main.storyboard;
			sourceTree = "<group>";
		};
		037AD395230E4B66003AB0CA /* LaunchScreen.storyboard */ = {
			isa = PBXVariantGroup;
			children = (
				037AD396230E4B66003AB0CA /* Base */,
			);
			name = LaunchScreen.storyboard;
			sourceTree = "<group>";
		};
/* End PBXVariantGroup section */

/* Begin XCBuildConfiguration section */
		037AD399230E4B66003AB0CA /* Debug */ = {
			isa = XCBuildConfiguration;
			buildSettings = {
				ALWAYS_SEARCH_USER_PATHS = NO;
				CLANG_ANALYZER_NONNULL = YES;
				CLANG_ANALYZER_NUMBER_OBJECT_CONVERSION = YES_AGGRESSIVE;
				CLANG_CXX_LANGUAGE_STANDARD = "gnu++14";
				CLANG_CXX_LIBRARY = "libc++";
				CLANG_ENABLE_MODULES = YES;
				CLANG_ENABLE_OBJC_ARC = YES;
				CLANG_ENABLE_OBJC_WEAK = YES;
				CLANG_WARN_BLOCK_CAPTURE_AUTORELEASING = YES;
				CLANG_WARN_BOOL_CONVERSION = YES;
				CLANG_WARN_COMMA = YES;
				CLANG_WARN_CONSTANT_CONVERSION = YES;
				CLANG_WARN_DEPRECATED_OBJC_IMPLEMENTATIONS = YES;
				CLANG_WARN_DIRECT_OBJC_ISA_USAGE = YES_ERROR;
				CLANG_WARN_DOCUMENTATION_COMMENTS = YES;
				CLANG_WARN_EMPTY_BODY = YES;
				CLANG_WARN_ENUM_CONVERSION = YES;
				CLANG_WARN_INFINITE_RECURSION = YES;
				CLANG_WARN_INT_CONVERSION = YES;
				CLANG_WARN_NON_LITERAL_NULL_CONVERSION = YES;
				CLANG_WARN_OBJC_IMPLICIT_RETAIN_SELF = YES;
				CLANG_WARN_OBJC_LITERAL_CONVERSION = YES;
				CLANG_WARN_OBJC_ROOT_CLASS = YES_ERROR;
				CLANG_WARN_RANGE_LOOP_ANALYSIS = YES;
				CLANG_WARN_STRICT_PROTOTYPES = YES;
				CLANG_WARN_SUSPICIOUS_MOVE = YES;
				CLANG_WARN_UNGUARDED_AVAILABILITY = YES_AGGRESSIVE;
				CLANG_WARN_UNREACHABLE_CODE = YES;
				CLANG_WARN__DUPLICATE_METHOD_MATCH = YES;
				CODE_SIGN_IDENTITY = "iPhone Developer";
				COPY_PHASE_STRIP = NO;
				DEBUG_INFORMATION_FORMAT = dwarf;
				ENABLE_STRICT_OBJC_MSGSEND = YES;
				ENABLE_TESTABILITY = YES;
				GCC_C_LANGUAGE_STANDARD = gnu11;
				GCC_DYNAMIC_NO_PIC = NO;
				GCC_NO_COMMON_BLOCKS = YES;
				GCC_OPTIMIZATION_LEVEL = 0;
				GCC_PREPROCESSOR_DEFINITIONS = (
					"DEBUG=1",
					"$(inherited)",
				);
				GCC_WARN_64_TO_32_BIT_CONVERSION = YES;
				GCC_WARN_ABOUT_RETURN_TYPE = YES_ERROR;
				GCC_WARN_UNDECLARED_SELECTOR = YES;
				GCC_WARN_UNINITIALIZED_AUTOS = YES_AGGRESSIVE;
				GCC_WARN_UNUSED_FUNCTION = YES;
				GCC_WARN_UNUSED_VARIABLE = YES;
				IPHONEOS_DEPLOYMENT_TARGET = 12.4;
				MTL_ENABLE_DEBUG_INFO = INCLUDE_SOURCE;
				MTL_FAST_MATH = YES;
				ONLY_ACTIVE_ARCH = YES;
				SDKROOT = iphoneos;
				SWIFT_ACTIVE_COMPILATION_CONDITIONS = DEBUG;
				SWIFT_OPTIMIZATION_LEVEL = "-Onone";
			};
			name = Debug;
		};
		037AD39A230E4B66003AB0CA /* Release */ = {
			isa = XCBuildConfiguration;
			buildSettings = {
				ALWAYS_SEARCH_USER_PATHS = NO;
				CLANG_ANALYZER_NONNULL = YES;
				CLANG_ANALYZER_NUMBER_OBJECT_CONVERSION = YES_AGGRESSIVE;
				CLANG_CXX_LANGUAGE_STANDARD = "gnu++14";
				CLANG_CXX_LIBRARY = "libc++";
				CLANG_ENABLE_MODULES = YES;
				CLANG_ENABLE_OBJC_ARC = YES;
				CLANG_ENABLE_OBJC_WEAK = YES;
				CLANG_WARN_BLOCK_CAPTURE_AUTORELEASING = YES;
				CLANG_WARN_BOOL_CONVERSION = YES;
				CLANG_WARN_COMMA = YES;
				CLANG_WARN_CONSTANT_CONVERSION = YES;
				CLANG_WARN_DEPRECATED_OBJC_IMPLEMENTATIONS = YES;
				CLANG_WARN_DIRECT_OBJC_ISA_USAGE = YES_ERROR;
				CLANG_WARN_DOCUMENTATION_COMMENTS = YES;
				CLANG_WARN_EMPTY_BODY = YES;
				CLANG_WARN_ENUM_CONVERSION = YES;
				CLANG_WARN_INFINITE_RECURSION = YES;
				CLANG_WARN_INT_CONVERSION = YES;
				CLANG_WARN_NON_LITERAL_NULL_CONVERSION = YES;
				CLANG_WARN_OBJC_IMPLICIT_RETAIN_SELF = YES;
				CLANG_WARN_OBJC_LITERAL_CONVERSION = YES;
				CLANG_WARN_OBJC_ROOT_CLASS = YES_ERROR;
				CLANG_WARN_RANGE_LOOP_ANALYSIS = YES;
				CLANG_WARN_STRICT_PROTOTYPES = YES;
				CLANG_WARN_SUSPICIOUS_MOVE = YES;
				CLANG_WARN_UNGUARDED_AVAILABILITY = YES_AGGRESSIVE;
				CLANG_WARN_UNREACHABLE_CODE = YES;
				CLANG_WARN__DUPLICATE_METHOD_MATCH = YES;
				CODE_SIGN_IDENTITY = "iPhone Developer";
				COPY_PHASE_STRIP = NO;
				DEBUG_INFORMATION_FORMAT = "dwarf-with-dsym";
				ENABLE_NS_ASSERTIONS = NO;
				ENABLE_STRICT_OBJC_MSGSEND = YES;
				GCC_C_LANGUAGE_STANDARD = gnu11;
				GCC_NO_COMMON_BLOCKS = YES;
				GCC_WARN_64_TO_32_BIT_CONVERSION = YES;
				GCC_WARN_ABOUT_RETURN_TYPE = YES_ERROR;
				GCC_WARN_UNDECLARED_SELECTOR = YES;
				GCC_WARN_UNINITIALIZED_AUTOS = YES_AGGRESSIVE;
				GCC_WARN_UNUSED_FUNCTION = YES;
				GCC_WARN_UNUSED_VARIABLE = YES;
				IPHONEOS_DEPLOYMENT_TARGET = 12.4;
				MTL_ENABLE_DEBUG_INFO = NO;
				MTL_FAST_MATH = YES;
				SDKROOT = iphoneos;
				SWIFT_COMPILATION_MODE = wholemodule;
				SWIFT_OPTIMIZATION_LEVEL = "-O";
				VALIDATE_PRODUCT = YES;
			};
			name = Release;
		};
		037AD39C230E4B66003AB0CA /* Debug */ = {
			isa = XCBuildConfiguration;
			buildSettings = {
				ASSETCATALOG_COMPILER_APPICON_NAME = AppIcon;
				CODE_SIGN_STYLE = Automatic;
				DEVELOPMENT_TEAM = Z92VD6GGG5;
				INFOPLIST_FILE = "DOG API/Info.plist";
				LD_RUNPATH_SEARCH_PATHS = (
					"$(inherited)",
					"@executable_path/Frameworks",
				);
				PRODUCT_BUNDLE_IDENTIFIER = "com.developersden.DOG-API";
				PRODUCT_NAME = "$(TARGET_NAME)";
				SWIFT_VERSION = 5.0;
				TARGETED_DEVICE_FAMILY = "1,2";
			};
			name = Debug;
		};
		037AD39D230E4B66003AB0CA /* Release */ = {
			isa = XCBuildConfiguration;
			buildSettings = {
				ASSETCATALOG_COMPILER_APPICON_NAME = AppIcon;
				CODE_SIGN_STYLE = Automatic;
				DEVELOPMENT_TEAM = Z92VD6GGG5;
				INFOPLIST_FILE = "DOG API/Info.plist";
				LD_RUNPATH_SEARCH_PATHS = (
					"$(inherited)",
					"@executable_path/Frameworks",
				);
				PRODUCT_BUNDLE_IDENTIFIER = "com.developersden.DOG-API";
				PRODUCT_NAME = "$(TARGET_NAME)";
				SWIFT_VERSION = 5.0;
				TARGETED_DEVICE_FAMILY = "1,2";
			};
			name = Release;
		};
/* End XCBuildConfiguration section */

/* Begin XCConfigurationList section */
		037AD384230E4B64003AB0CA /* Build configuration list for PBXProject "DOG API" */ = {
			isa = XCConfigurationList;
			buildConfigurations = (
				037AD399230E4B66003AB0CA /* Debug */,
				037AD39A230E4B66003AB0CA /* Release */,
			);
			defaultConfigurationIsVisible = 0;
			defaultConfigurationName = Release;
		};
		037AD39B230E4B66003AB0CA /* Build configuration list for PBXNativeTarget "DOG API" */ = {
			isa = XCConfigurationList;
			buildConfigurations = (
				037AD39C230E4B66003AB0CA /* Debug */,
				037AD39D230E4B66003AB0CA /* Release */,
			);
			defaultConfigurationIsVisible = 0;
			defaultConfigurationName = Release;
		};
/* End XCConfigurationList section */
	};
	rootObject = 037AD381230E4B64003AB0CA /* Project object */;
}
